github.com/hexcraft-biz/her v0.0.2 h1:/tm3zmtAoIerVwSb/Jkc5aFZuMoEWli7YfmYKf3wgqE=
github.com/hexcraft-biz/her v0.0.2/go.mod h1:g7jcBefsWaWBmhFzfeO0m8GsnrJQOEkFHS/SeiMTM+Y=
github.com/hexcraft-biz/her v0.0.4 h1:ajDIMCoUkcNN9J8CxGM1w1MT2g3yEaT9UTtdTiy6vpQ=
github.com/hexcraft-biz/her v0.0.4/go.mod h1:g7jcBefsWaWBmhFzfeO0m8GsnrJQOEkFHS/SeiMTM+Y=
